
Microsoft Visual Studio Solution File, Format Version 12.00
# Visual Studio Version 16
VisualStudioVersion = 16.0.31129.286
MinimumVisualStudioVersion = 10.0.40219.1
Project("{9A19103F-16F7-4668-BE54-9A1E7A4F7556}") = "PasswordManagerClient", "PasswordManager\PasswordManagerClient.csproj", "{190E0714-39B5-4B9E-8BC2-F9135F195332}"
EndProject
Project("{9A19103F-16F7-4668-BE54-9A1E7A4F7556}") = "PasswordManagerAPI", "PasswordManagerAPI\PasswordManagerAPI.csproj", "{DDD37077-3248-4921-BFCA-FD1B81FF9889}"
EndProject
Project("{FAE04EC0-301F-11D3-BF4B-00C04F79EFBC}") = "PasswordManagerAPI.IntegrationTests", "PasswordManagerAPI.IntegrationTests\PasswordManagerAPI.IntegrationTests.csproj", "{F5E9D575-C871-4287-8906-858CDF5ACBAA}"
EndProject
Project("{FAE04EC0-301F-11D3-BF4B-00C04F79EFBC}") = "PasswordManagerClient.UnitTests", "PasswordManagerClient.UnitTests\PasswordManagerClient.UnitTests.csproj", "{EC55A0DE-6976-4DCE-92E6-D8B8FC6A2E4D}"
EndProject
Global
	GlobalSection(SolutionConfigurationPlatforms) = preSolution
		Debug|Any CPU = Debug|Any CPU
		Release|Any CPU = Release|Any CPU
	EndGlobalSection
	GlobalSection(ProjectConfigurationPlatforms) = postSolution
		{190E0714-39B5-4B9E-8BC2-F9135F195332}.Debug|Any CPU.ActiveCfg = Debug|Any CPU
		{190E0714-39B5-4B9E-8BC2-F9135F195332}.Debug|Any CPU.Build.0 = Debug|Any CPU
		{190E0714-39B5-4B9E-8BC2-F9135F195332}.Release|Any CPU.ActiveCfg = Release|Any CPU
		{190E0714-39B5-4B9E-8BC2-F9135F195332}.Release|Any CPU.Build.0 = Release|Any CPU
		{DDD37077-3248-4921-BFCA-FD1B81FF9889}.Debug|Any CPU.ActiveCfg = Debug|Any CPU
		{DDD37077-3248-4921-BFCA-FD1B81FF9889}.Debug|Any CPU.Build.0 = Debug|Any CPU
		{DDD37077-3248-4921-BFCA-FD1B81FF9889}.Release|Any CPU.ActiveCfg = Release|Any CPU
		{DDD37077-3248-4921-BFCA-FD1B81FF9889}.Release|Any CPU.Build.0 = Release|Any CPU
		{F5E9D575-C871-4287-8906-858CDF5ACBAA}.Debug|Any CPU.ActiveCfg = Debug|Any CPU
		{F5E9D575-C871-4287-8906-858CDF5ACBAA}.Debug|Any CPU.Build.0 = Debug|Any CPU
		{F5E9D575-C871-4287-8906-858CDF5ACBAA}.Release|Any CPU.ActiveCfg = Release|Any CPU
		{F5E9D575-C871-4287-8906-858CDF5ACBAA}.Release|Any CPU.Build.0 = Release|Any CPU
		{EC55A0DE-6976-4DCE-92E6-D8B8FC6A2E4D}.Debug|Any CPU.ActiveCfg = Debug|Any CPU
		{EC55A0DE-6976-4DCE-92E6-D8B8FC6A2E4D}.Debug|Any CPU.Build.0 = Debug|Any CPU
		{EC55A0DE-6976-4DCE-92E6-D8B8FC6A2E4D}.Release|Any CPU.ActiveCfg = Release|Any CPU
		{EC55A0DE-6976-4DCE-92E6-D8B8FC6A2E4D}.Release|Any CPU.Build.0 = Release|Any CPU
	EndGlobalSection
	GlobalSection(SolutionProperties) = preSolution
		HideSolutionNode = FALSE
	EndGlobalSection
	GlobalSection(ExtensibilityGlobals) = postSolution
		SolutionGuid = {5721BBA8-3F88-4151-8723-3E3468B15B1C}
	EndGlobalSection
EndGlobal
